PODS:
  - ZFCategoryFramework (0.1.0)

DEPENDENCIES:
  - ZFCategoryFramework

SPEC REPOS:
  https://github.com/othniel7195/ZFBaseFrameworkSpecs.git:
    - ZFCategoryFramework

SPEC CHECKSUMS:
  ZFCategoryFramework: d1f0f7259312fb0d4a6b57e2b9e3dbfa2d6be421

PODFILE CHECKSUM: 2ed567d16a1600ae2be0a57794c237e0acf9b54f

COCOAPODS: 1.5.3
