PODS:
  - ZFBaseFramework (0.1.0):
    - ZFBaseFramework/ZFCategoryFramework (= 0.1.0)
    - ZFBaseFramework/ZFFoundationFramework (= 0.1.0)
    - ZFBaseFramework/ZFUISegmentBar (= 0.1.0)
  - ZFBaseFramework/ZFCategoryFramework (0.1.0)
  - ZFBaseFramework/ZFFoundationFramework (0.1.0)
  - ZFBaseFramework/ZFUISegmentBar (0.1.0):
    - ZFBaseFramework/ZFCategoryFramework

DEPENDENCIES:
  - ZFBaseFramework

SPEC REPOS:
  https://github.com/othniel7195/ZFBaseFrameworkSpecs.git:
    - ZFBaseFramework

SPEC CHECKSUMS:
  ZFBaseFramework: d1133105c0214efa486fb9e09b7ff79209c7c554

PODFILE CHECKSUM: 3bb713b000e080fc4f298e0f6b8600f34e4617c7

COCOAPODS: 1.5.3
